
Microsoft Visual Studio Solution File, Format Version 12.00
# Visual Studio Version 17
VisualStudioVersion = 17.0.31903.59
MinimumVisualStudioVersion = 10.0.40219.1
Project("{2150E333-8FDC-42A3-9474-1A3956D46DE8}") = "src", "src", "{6E26F531-6F51-40AE-AB91-CF4BC6420633}"
EndProject
Project("{2150E333-8FDC-42A3-9474-1A3956D46DE8}") = "Gateway", "Gateway", "{C122B5FD-1F7A-4F87-A504-B435F18F6B44}"
EndProject
Project("{2150E333-8FDC-42A3-9474-1A3956D46DE8}") = "src", "src", "{FEFD59B8-C870-499B-9467-EA047DB7EF6F}"
EndProject
Project("{9A19103F-16F7-4668-BE54-9A1E7A4F7556}") = "Gateway", "src\Gateway\src\Gateway\Gateway.csproj", "{F625CEED-8BBA-4D95-AD89-7917E34097B6}"
EndProject
Project("{2150E333-8FDC-42A3-9474-1A3956D46DE8}") = "Identity", "Identity", "{641EB60B-25E9-4A99-9027-FA4225314577}"
EndProject
Project("{2150E333-8FDC-42A3-9474-1A3956D46DE8}") = "src", "src", "{27B392F7-20FC-4004-9F70-4172F1BB274D}"
EndProject
Project("{2150E333-8FDC-42A3-9474-1A3956D46DE8}") = "Domain", "Domain", "{286E5AF5-15B7-4C67-97BC-6BD6F4A59FF3}"
EndProject
Project("{9A19103F-16F7-4668-BE54-9A1E7A4F7556}") = "Identity.Domain", "src\Identity\src\Domain\Identity.Domain\Identity.Domain.csproj", "{3756DE68-ACEF-4A55-9297-43CCBD6533F5}"
EndProject
Project("{2150E333-8FDC-42A3-9474-1A3956D46DE8}") = "Application", "Application", "{915428A2-5ECC-4851-BA59-F22F1EE3AD73}"
EndProject
Project("{9A19103F-16F7-4668-BE54-9A1E7A4F7556}") = "Identity.Application", "src\Identity\src\Application\Identity.Application\Identity.Application.csproj", "{4AEB26CD-4AAA-42CA-8512-1EFD47BE711F}"
EndProject
Project("{2150E333-8FDC-42A3-9474-1A3956D46DE8}") = "Infrastructure", "Infrastructure", "{AB5AE829-1049-4617-8903-5AE5B503DAEB}"
EndProject
Project("{9A19103F-16F7-4668-BE54-9A1E7A4F7556}") = "Identity.Infrastructure", "src\Identity\src\Infrastructure\Identity.Infrastructure\Identity.Infrastructure.csproj", "{1B8F816E-A039-425D-B547-30BED21C37A3}"
EndProject
Project("{2150E333-8FDC-42A3-9474-1A3956D46DE8}") = "Presentation", "Presentation", "{4EB152B5-B8CC-4D57-BB51-C471E2106E9E}"
EndProject
Project("{9A19103F-16F7-4668-BE54-9A1E7A4F7556}") = "Identity.Presentation", "src\Identity\src\Presentation\Identity.Presentation\Identity.Presentation.csproj", "{A5BFC583-FF5D-4923-98DB-95EDAFC7C507}"
EndProject
Project("{2150E333-8FDC-42A3-9474-1A3956D46DE8}") = "CRM", "CRM", "{BC183F47-4E6F-4661-A3E4-08264DCD63D4}"
EndProject
Project("{2150E333-8FDC-42A3-9474-1A3956D46DE8}") = "src", "src", "{83DD09DC-2C37-4506-9940-20652616F5B2}"
EndProject
Project("{2150E333-8FDC-42A3-9474-1A3956D46DE8}") = "Domain", "Domain", "{3EF990F5-8389-433F-BBBF-24E8454E5FDF}"
EndProject
Project("{9A19103F-16F7-4668-BE54-9A1E7A4F7556}") = "CRM.Domain", "src\CRM\src\Domain\CRM.Domain\CRM.Domain.csproj", "{343F9DCA-3BAC-472B-8D94-67E2BD07E81D}"
EndProject
Project("{2150E333-8FDC-42A3-9474-1A3956D46DE8}") = "Application", "Application", "{8A993627-0C9B-48BF-87F5-1E33B48504C1}"
EndProject
Project("{9A19103F-16F7-4668-BE54-9A1E7A4F7556}") = "CRM.Application", "src\CRM\src\Application\CRM.Application\CRM.Application.csproj", "{3B09DCB3-E5D2-4A95-9525-7C06FB3DD0C5}"
EndProject
Project("{2150E333-8FDC-42A3-9474-1A3956D46DE8}") = "Infrastructure", "Infrastructure", "{14596929-2ED5-4437-BF81-02F80CFED0CA}"
EndProject
Project("{9A19103F-16F7-4668-BE54-9A1E7A4F7556}") = "CRM.Infrastructure", "src\CRM\src\Infrastructure\CRM.Infrastructure\CRM.Infrastructure.csproj", "{FF858454-9061-422E-A4AA-28C638DBD9AA}"
EndProject
Project("{2150E333-8FDC-42A3-9474-1A3956D46DE8}") = "Presentation", "Presentation", "{60CF894F-05B7-49CD-9DC2-7611A3CB0649}"
EndProject
Project("{9A19103F-16F7-4668-BE54-9A1E7A4F7556}") = "CRM.Presentation", "src\CRM\src\Presentation\CRM.Presentation\CRM.Presentation.csproj", "{74AA2D10-7BF7-4272-888B-AEA1EFB8731E}"
EndProject
Project("{2150E333-8FDC-42A3-9474-1A3956D46DE8}") = "Game", "Game", "{A2AD8403-E26D-4FFE-8961-47FA9C478173}"
EndProject
Project("{2150E333-8FDC-42A3-9474-1A3956D46DE8}") = "src", "src", "{CE30882C-674D-4BD4-A8B2-E8C66AF6BDE5}"
EndProject
Project("{2150E333-8FDC-42A3-9474-1A3956D46DE8}") = "Domain", "Domain", "{3B464DB5-0D8E-4183-9743-9AF1E348C68B}"
EndProject
Project("{9A19103F-16F7-4668-BE54-9A1E7A4F7556}") = "Game.Domain", "src\Game\src\Domain\Game.Domain\Game.Domain.csproj", "{A3429693-CCC2-4341-8629-1B93BC77C208}"
EndProject
Project("{2150E333-8FDC-42A3-9474-1A3956D46DE8}") = "Application", "Application", "{EE40A459-4E84-4A1E-91DE-32D206B65B96}"
EndProject
Project("{9A19103F-16F7-4668-BE54-9A1E7A4F7556}") = "Game.Application", "src\Game\src\Application\Game.Application\Game.Application.csproj", "{7A924DF9-84C3-48A4-A376-C6A6275C1279}"
EndProject
Project("{2150E333-8FDC-42A3-9474-1A3956D46DE8}") = "Infrastructure", "Infrastructure", "{65510B77-50DD-4E68-A2A2-C8CD2E3CB4BD}"
EndProject
Project("{9A19103F-16F7-4668-BE54-9A1E7A4F7556}") = "Game.Infrastructure", "src\Game\src\Infrastructure\Game.Infrastructure\Game.Infrastructure.csproj", "{0399D6DD-A731-407E-9E99-9C57DF8AB66F}"
EndProject
Project("{2150E333-8FDC-42A3-9474-1A3956D46DE8}") = "Presentation", "Presentation", "{5B015E96-E857-4463-BB2A-20D606AF03C6}"
EndProject
Project("{9A19103F-16F7-4668-BE54-9A1E7A4F7556}") = "Game.Presentation", "src\Game\src\Presentation\Game.Presentation\Game.Presentation.csproj", "{10E1ED1F-A675-438D-97CD-7FCD1444636A}"
EndProject
Project("{2150E333-8FDC-42A3-9474-1A3956D46DE8}") = "Loyalty", "Loyalty", "{F3A176F6-6860-483B-B979-A3FEA6115C8C}"
EndProject
Project("{2150E333-8FDC-42A3-9474-1A3956D46DE8}") = "src", "src", "{0BD9CBCA-3478-4166-82E8-4C33CDFCCD46}"
EndProject
Project("{2150E333-8FDC-42A3-9474-1A3956D46DE8}") = "Domain", "Domain", "{28642223-01D3-46BC-A58C-5BB868DAE44C}"
EndProject
Project("{9A19103F-16F7-4668-BE54-9A1E7A4F7556}") = "Loyalty.Domain", "src\Loyalty\src\Domain\Loyalty.Domain\Loyalty.Domain.csproj", "{EF8FB00A-9EB8-4C33-980D-EFEF3CE895E8}"
EndProject
Project("{2150E333-8FDC-42A3-9474-1A3956D46DE8}") = "Application", "Application", "{11FF7988-16FB-4231-91C1-A1F0E9779FCF}"
EndProject
Project("{9A19103F-16F7-4668-BE54-9A1E7A4F7556}") = "Loyalty.Application", "src\Loyalty\src\Application\Loyalty.Application\Loyalty.Application.csproj", "{94E72DCA-A049-480E-9B6D-3CE4E302E848}"
EndProject
Project("{2150E333-8FDC-42A3-9474-1A3956D46DE8}") = "Infrastructure", "Infrastructure", "{95DB097C-A6F8-42F6-ACF6-B6BF48DB2A1F}"
EndProject
Project("{9A19103F-16F7-4668-BE54-9A1E7A4F7556}") = "Loyalty.Infrastructure", "src\Loyalty\src\Infrastructure\Loyalty.Infrastructure\Loyalty.Infrastructure.csproj", "{74D8FA54-7136-4F1B-8DAD-4E5282319F1F}"
EndProject
Project("{2150E333-8FDC-42A3-9474-1A3956D46DE8}") = "Presentation", "Presentation", "{59B17D88-587E-49CA-9721-CB408B3233ED}"
EndProject
Project("{9A19103F-16F7-4668-BE54-9A1E7A4F7556}") = "Loyalty.Presentation", "src\Loyalty\src\Presentation\Loyalty.Presentation\Loyalty.Presentation.csproj", "{552596F7-1C9B-48F2-A485-6DB149827E86}"
EndProject
Project("{2150E333-8FDC-42A3-9474-1A3956D46DE8}") = "CDP", "CDP", "{41CD0F77-3D69-4186-BDD8-E223202A3B2C}"
EndProject
Project("{2150E333-8FDC-42A3-9474-1A3956D46DE8}") = "src", "src", "{D100DE1D-C05A-44AA-92C5-B50C167908F9}"
EndProject
Project("{2150E333-8FDC-42A3-9474-1A3956D46DE8}") = "Domain", "Domain", "{FBFE4396-E19B-4FFE-B528-3225749F2CA1}"
EndProject
Project("{9A19103F-16F7-4668-BE54-9A1E7A4F7556}") = "CDP.Domain", "src\CDP\src\Domain\CDP.Domain\CDP.Domain.csproj", "{D61886E7-2977-4496-B36F-EBE80CE492A2}"
EndProject
Project("{2150E333-8FDC-42A3-9474-1A3956D46DE8}") = "Application", "Application", "{899A5061-7100-45AB-8DE4-6FEAA9BB7485}"
EndProject
Project("{9A19103F-16F7-4668-BE54-9A1E7A4F7556}") = "CDP.Application", "src\CDP\src\Application\CDP.Application\CDP.Application.csproj", "{CDF01CED-F6F0-462B-95DF-2885190B7355}"
EndProject
Project("{2150E333-8FDC-42A3-9474-1A3956D46DE8}") = "Infrastructure", "Infrastructure", "{69E57FD5-037A-4106-A511-F81A65129C71}"
EndProject
Project("{9A19103F-16F7-4668-BE54-9A1E7A4F7556}") = "CDP.Infrastructure", "src\CDP\src\Infrastructure\CDP.Infrastructure\CDP.Infrastructure.csproj", "{81C6255D-C18D-47E9-8B28-666B8E0D297A}"
EndProject
Project("{2150E333-8FDC-42A3-9474-1A3956D46DE8}") = "Presentation", "Presentation", "{D4C32BA7-2ABA-47BD-A9DC-9E8F4E5A3164}"
EndProject
Project("{9A19103F-16F7-4668-BE54-9A1E7A4F7556}") = "CDP.Presentation", "src\CDP\src\Presentation\CDP.Presentation\CDP.Presentation.csproj", "{F8B3EF06-DAB2-4021-8A8B-CFEAE4A4CA48}"
EndProject
Project("{E53339B2-1760-4266-BCC7-CA923CBCF16C}") = "docker-compose", "docker-compose.dcproj", "{1FB56D00-95B2-44B2-B266-0A0255E0B02E}"
EndProject
Project("{2150E333-8FDC-42A3-9474-1A3956D46DE8}") = "docker", "docker", "{BEE14834-82A1-4F2B-9F64-6CA3CB3539AF}"
EndProject
Global
	GlobalSection(SolutionConfigurationPlatforms) = preSolution
		Debug|Any CPU = Debug|Any CPU
		Release|Any CPU = Release|Any CPU
	EndGlobalSection
	GlobalSection(ProjectConfigurationPlatforms) = postSolution
		{F625CEED-8BBA-4D95-AD89-7917E34097B6}.Debug|Any CPU.ActiveCfg = Debug|Any CPU
		{F625CEED-8BBA-4D95-AD89-7917E34097B6}.Debug|Any CPU.Build.0 = Debug|Any CPU
		{F625CEED-8BBA-4D95-AD89-7917E34097B6}.Release|Any CPU.ActiveCfg = Release|Any CPU
		{F625CEED-8BBA-4D95-AD89-7917E34097B6}.Release|Any CPU.Build.0 = Release|Any CPU
		{3756DE68-ACEF-4A55-9297-43CCBD6533F5}.Debug|Any CPU.ActiveCfg = Debug|Any CPU
		{3756DE68-ACEF-4A55-9297-43CCBD6533F5}.Debug|Any CPU.Build.0 = Debug|Any CPU
		{3756DE68-ACEF-4A55-9297-43CCBD6533F5}.Release|Any CPU.ActiveCfg = Release|Any CPU
		{3756DE68-ACEF-4A55-9297-43CCBD6533F5}.Release|Any CPU.Build.0 = Release|Any CPU
		{4AEB26CD-4AAA-42CA-8512-1EFD47BE711F}.Debug|Any CPU.ActiveCfg = Debug|Any CPU
		{4AEB26CD-4AAA-42CA-8512-1EFD47BE711F}.Debug|Any CPU.Build.0 = Debug|Any CPU
		{4AEB26CD-4AAA-42CA-8512-1EFD47BE711F}.Release|Any CPU.ActiveCfg = Release|Any CPU
		{4AEB26CD-4AAA-42CA-8512-1EFD47BE711F}.Release|Any CPU.Build.0 = Release|Any CPU
		{1B8F816E-A039-425D-B547-30BED21C37A3}.Debug|Any CPU.ActiveCfg = Debug|Any CPU
		{1B8F816E-A039-425D-B547-30BED21C37A3}.Debug|Any CPU.Build.0 = Debug|Any CPU
		{1B8F816E-A039-425D-B547-30BED21C37A3}.Release|Any CPU.ActiveCfg = Release|Any CPU
		{1B8F816E-A039-425D-B547-30BED21C37A3}.Release|Any CPU.Build.0 = Release|Any CPU
		{A5BFC583-FF5D-4923-98DB-95EDAFC7C507}.Debug|Any CPU.ActiveCfg = Debug|Any CPU
		{A5BFC583-FF5D-4923-98DB-95EDAFC7C507}.Debug|Any CPU.Build.0 = Debug|Any CPU
		{A5BFC583-FF5D-4923-98DB-95EDAFC7C507}.Release|Any CPU.ActiveCfg = Release|Any CPU
		{A5BFC583-FF5D-4923-98DB-95EDAFC7C507}.Release|Any CPU.Build.0 = Release|Any CPU
		{343F9DCA-3BAC-472B-8D94-67E2BD07E81D}.Debug|Any CPU.ActiveCfg = Debug|Any CPU
		{343F9DCA-3BAC-472B-8D94-67E2BD07E81D}.Debug|Any CPU.Build.0 = Debug|Any CPU
		{343F9DCA-3BAC-472B-8D94-67E2BD07E81D}.Release|Any CPU.ActiveCfg = Release|Any CPU
		{343F9DCA-3BAC-472B-8D94-67E2BD07E81D}.Release|Any CPU.Build.0 = Release|Any CPU
		{3B09DCB3-E5D2-4A95-9525-7C06FB3DD0C5}.Debug|Any CPU.ActiveCfg = Debug|Any CPU
		{3B09DCB3-E5D2-4A95-9525-7C06FB3DD0C5}.Debug|Any CPU.Build.0 = Debug|Any CPU
		{3B09DCB3-E5D2-4A95-9525-7C06FB3DD0C5}.Release|Any CPU.ActiveCfg = Release|Any CPU
		{3B09DCB3-E5D2-4A95-9525-7C06FB3DD0C5}.Release|Any CPU.Build.0 = Release|Any CPU
		{FF858454-9061-422E-A4AA-28C638DBD9AA}.Debug|Any CPU.ActiveCfg = Debug|Any CPU
		{FF858454-9061-422E-A4AA-28C638DBD9AA}.Debug|Any CPU.Build.0 = Debug|Any CPU
		{FF858454-9061-422E-A4AA-28C638DBD9AA}.Release|Any CPU.ActiveCfg = Release|Any CPU
		{FF858454-9061-422E-A4AA-28C638DBD9AA}.Release|Any CPU.Build.0 = Release|Any CPU
		{74AA2D10-7BF7-4272-888B-AEA1EFB8731E}.Debug|Any CPU.ActiveCfg = Debug|Any CPU
		{74AA2D10-7BF7-4272-888B-AEA1EFB8731E}.Debug|Any CPU.Build.0 = Debug|Any CPU
		{74AA2D10-7BF7-4272-888B-AEA1EFB8731E}.Release|Any CPU.ActiveCfg = Release|Any CPU
		{74AA2D10-7BF7-4272-888B-AEA1EFB8731E}.Release|Any CPU.Build.0 = Release|Any CPU
		{A3429693-CCC2-4341-8629-1B93BC77C208}.Debug|Any CPU.ActiveCfg = Debug|Any CPU
		{A3429693-CCC2-4341-8629-1B93BC77C208}.Debug|Any CPU.Build.0 = Debug|Any CPU
		{A3429693-CCC2-4341-8629-1B93BC77C208}.Release|Any CPU.ActiveCfg = Release|Any CPU
		{A3429693-CCC2-4341-8629-1B93BC77C208}.Release|Any CPU.Build.0 = Release|Any CPU
		{7A924DF9-84C3-48A4-A376-C6A6275C1279}.Debug|Any CPU.ActiveCfg = Debug|Any CPU
		{7A924DF9-84C3-48A4-A376-C6A6275C1279}.Debug|Any CPU.Build.0 = Debug|Any CPU
		{7A924DF9-84C3-48A4-A376-C6A6275C1279}.Release|Any CPU.ActiveCfg = Release|Any CPU
		{7A924DF9-84C3-48A4-A376-C6A6275C1279}.Release|Any CPU.Build.0 = Release|Any CPU
		{0399D6DD-A731-407E-9E99-9C57DF8AB66F}.Debug|Any CPU.ActiveCfg = Debug|Any CPU
		{0399D6DD-A731-407E-9E99-9C57DF8AB66F}.Debug|Any CPU.Build.0 = Debug|Any CPU
		{0399D6DD-A731-407E-9E99-9C57DF8AB66F}.Release|Any CPU.ActiveCfg = Release|Any CPU
		{0399D6DD-A731-407E-9E99-9C57DF8AB66F}.Release|Any CPU.Build.0 = Release|Any CPU
		{10E1ED1F-A675-438D-97CD-7FCD1444636A}.Debug|Any CPU.ActiveCfg = Debug|Any CPU
		{10E1ED1F-A675-438D-97CD-7FCD1444636A}.Debug|Any CPU.Build.0 = Debug|Any CPU
		{10E1ED1F-A675-438D-97CD-7FCD1444636A}.Release|Any CPU.ActiveCfg = Release|Any CPU
		{10E1ED1F-A675-438D-97CD-7FCD1444636A}.Release|Any CPU.Build.0 = Release|Any CPU
		{EF8FB00A-9EB8-4C33-980D-EFEF3CE895E8}.Debug|Any CPU.ActiveCfg = Debug|Any CPU
		{EF8FB00A-9EB8-4C33-980D-EFEF3CE895E8}.Debug|Any CPU.Build.0 = Debug|Any CPU
		{EF8FB00A-9EB8-4C33-980D-EFEF3CE895E8}.Release|Any CPU.ActiveCfg = Release|Any CPU
		{EF8FB00A-9EB8-4C33-980D-EFEF3CE895E8}.Release|Any CPU.Build.0 = Release|Any CPU
		{94E72DCA-A049-480E-9B6D-3CE4E302E848}.Debug|Any CPU.ActiveCfg = Debug|Any CPU
		{94E72DCA-A049-480E-9B6D-3CE4E302E848}.Debug|Any CPU.Build.0 = Debug|Any CPU
		{94E72DCA-A049-480E-9B6D-3CE4E302E848}.Release|Any CPU.ActiveCfg = Release|Any CPU
		{94E72DCA-A049-480E-9B6D-3CE4E302E848}.Release|Any CPU.Build.0 = Release|Any CPU
		{74D8FA54-7136-4F1B-8DAD-4E5282319F1F}.Debug|Any CPU.ActiveCfg = Debug|Any CPU
		{74D8FA54-7136-4F1B-8DAD-4E5282319F1F}.Debug|Any CPU.Build.0 = Debug|Any CPU
		{74D8FA54-7136-4F1B-8DAD-4E5282319F1F}.Release|Any CPU.ActiveCfg = Release|Any CPU
		{74D8FA54-7136-4F1B-8DAD-4E5282319F1F}.Release|Any CPU.Build.0 = Release|Any CPU
		{552596F7-1C9B-48F2-A485-6DB149827E86}.Debug|Any CPU.ActiveCfg = Debug|Any CPU
		{552596F7-1C9B-48F2-A485-6DB149827E86}.Debug|Any CPU.Build.0 = Debug|Any CPU
		{552596F7-1C9B-48F2-A485-6DB149827E86}.Release|Any CPU.ActiveCfg = Release|Any CPU
		{552596F7-1C9B-48F2-A485-6DB149827E86}.Release|Any CPU.Build.0 = Release|Any CPU
		{D61886E7-2977-4496-B36F-EBE80CE492A2}.Debug|Any CPU.ActiveCfg = Debug|Any CPU
		{D61886E7-2977-4496-B36F-EBE80CE492A2}.Debug|Any CPU.Build.0 = Debug|Any CPU
		{D61886E7-2977-4496-B36F-EBE80CE492A2}.Release|Any CPU.ActiveCfg = Release|Any CPU
		{D61886E7-2977-4496-B36F-EBE80CE492A2}.Release|Any CPU.Build.0 = Release|Any CPU
		{CDF01CED-F6F0-462B-95DF-2885190B7355}.Debug|Any CPU.ActiveCfg = Debug|Any CPU
		{CDF01CED-F6F0-462B-95DF-2885190B7355}.Debug|Any CPU.Build.0 = Debug|Any CPU
		{CDF01CED-F6F0-462B-95DF-2885190B7355}.Release|Any CPU.ActiveCfg = Release|Any CPU
		{CDF01CED-F6F0-462B-95DF-2885190B7355}.Release|Any CPU.Build.0 = Release|Any CPU
		{81C6255D-C18D-47E9-8B28-666B8E0D297A}.Debug|Any CPU.ActiveCfg = Debug|Any CPU
		{81C6255D-C18D-47E9-8B28-666B8E0D297A}.Debug|Any CPU.Build.0 = Debug|Any CPU
		{81C6255D-C18D-47E9-8B28-666B8E0D297A}.Release|Any CPU.ActiveCfg = Release|Any CPU
		{81C6255D-C18D-47E9-8B28-666B8E0D297A}.Release|Any CPU.Build.0 = Release|Any CPU
		{F8B3EF06-DAB2-4021-8A8B-CFEAE4A4CA48}.Debug|Any CPU.ActiveCfg = Debug|Any CPU
		{F8B3EF06-DAB2-4021-8A8B-CFEAE4A4CA48}.Debug|Any CPU.Build.0 = Debug|Any CPU
		{F8B3EF06-DAB2-4021-8A8B-CFEAE4A4CA48}.Release|Any CPU.ActiveCfg = Release|Any CPU
		{F8B3EF06-DAB2-4021-8A8B-CFEAE4A4CA48}.Release|Any CPU.Build.0 = Release|Any CPU
		{1FB56D00-95B2-44B2-B266-0A0255E0B02E}.Debug|Any CPU.ActiveCfg = Debug|Any CPU
		{1FB56D00-95B2-44B2-B266-0A0255E0B02E}.Debug|Any CPU.Build.0 = Debug|Any CPU
		{1FB56D00-95B2-44B2-B266-0A0255E0B02E}.Release|Any CPU.ActiveCfg = Release|Any CPU
		{1FB56D00-95B2-44B2-B266-0A0255E0B02E}.Release|Any CPU.Build.0 = Release|Any CPU
	EndGlobalSection
	GlobalSection(SolutionProperties) = preSolution
		HideSolutionNode = FALSE
	EndGlobalSection
	GlobalSection(NestedProjects) = preSolution
		{C122B5FD-1F7A-4F87-A504-B435F18F6B44} = {6E26F531-6F51-40AE-AB91-CF4BC6420633}
		{FEFD59B8-C870-499B-9467-EA047DB7EF6F} = {C122B5FD-1F7A-4F87-A504-B435F18F6B44}
		{F625CEED-8BBA-4D95-AD89-7917E34097B6} = {FEFD59B8-C870-499B-9467-EA047DB7EF6F}
		{641EB60B-25E9-4A99-9027-FA4225314577} = {6E26F531-6F51-40AE-AB91-CF4BC6420633}
		{27B392F7-20FC-4004-9F70-4172F1BB274D} = {641EB60B-25E9-4A99-9027-FA4225314577}
		{286E5AF5-15B7-4C67-97BC-6BD6F4A59FF3} = {27B392F7-20FC-4004-9F70-4172F1BB274D}
		{3756DE68-ACEF-4A55-9297-43CCBD6533F5} = {286E5AF5-15B7-4C67-97BC-6BD6F4A59FF3}
		{915428A2-5ECC-4851-BA59-F22F1EE3AD73} = {27B392F7-20FC-4004-9F70-4172F1BB274D}
		{4AEB26CD-4AAA-42CA-8512-1EFD47BE711F} = {915428A2-5ECC-4851-BA59-F22F1EE3AD73}
		{AB5AE829-1049-4617-8903-5AE5B503DAEB} = {27B392F7-20FC-4004-9F70-4172F1BB274D}
		{1B8F816E-A039-425D-B547-30BED21C37A3} = {AB5AE829-1049-4617-8903-5AE5B503DAEB}
		{4EB152B5-B8CC-4D57-BB51-C471E2106E9E} = {27B392F7-20FC-4004-9F70-4172F1BB274D}
		{A5BFC583-FF5D-4923-98DB-95EDAFC7C507} = {4EB152B5-B8CC-4D57-BB51-C471E2106E9E}
		{BC183F47-4E6F-4661-A3E4-08264DCD63D4} = {6E26F531-6F51-40AE-AB91-CF4BC6420633}
		{83DD09DC-2C37-4506-9940-20652616F5B2} = {BC183F47-4E6F-4661-A3E4-08264DCD63D4}
		{3EF990F5-8389-433F-BBBF-24E8454E5FDF} = {83DD09DC-2C37-4506-9940-20652616F5B2}
		{343F9DCA-3BAC-472B-8D94-67E2BD07E81D} = {3EF990F5-8389-433F-BBBF-24E8454E5FDF}
		{8A993627-0C9B-48BF-87F5-1E33B48504C1} = {83DD09DC-2C37-4506-9940-20652616F5B2}
		{3B09DCB3-E5D2-4A95-9525-7C06FB3DD0C5} = {8A993627-0C9B-48BF-87F5-1E33B48504C1}
		{14596929-2ED5-4437-BF81-02F80CFED0CA} = {83DD09DC-2C37-4506-9940-20652616F5B2}
		{FF858454-9061-422E-A4AA-28C638DBD9AA} = {14596929-2ED5-4437-BF81-02F80CFED0CA}
		{60CF894F-05B7-49CD-9DC2-7611A3CB0649} = {83DD09DC-2C37-4506-9940-20652616F5B2}
		{74AA2D10-7BF7-4272-888B-AEA1EFB8731E} = {60CF894F-05B7-49CD-9DC2-7611A3CB0649}
		{A2AD8403-E26D-4FFE-8961-47FA9C478173} = {6E26F531-6F51-40AE-AB91-CF4BC6420633}
		{CE30882C-674D-4BD4-A8B2-E8C66AF6BDE5} = {A2AD8403-E26D-4FFE-8961-47FA9C478173}
		{3B464DB5-0D8E-4183-9743-9AF1E348C68B} = {CE30882C-674D-4BD4-A8B2-E8C66AF6BDE5}
		{A3429693-CCC2-4341-8629-1B93BC77C208} = {3B464DB5-0D8E-4183-9743-9AF1E348C68B}
		{EE40A459-4E84-4A1E-91DE-32D206B65B96} = {CE30882C-674D-4BD4-A8B2-E8C66AF6BDE5}
		{7A924DF9-84C3-48A4-A376-C6A6275C1279} = {EE40A459-4E84-4A1E-91DE-32D206B65B96}
		{65510B77-50DD-4E68-A2A2-C8CD2E3CB4BD} = {CE30882C-674D-4BD4-A8B2-E8C66AF6BDE5}
		{0399D6DD-A731-407E-9E99-9C57DF8AB66F} = {65510B77-50DD-4E68-A2A2-C8CD2E3CB4BD}
		{5B015E96-E857-4463-BB2A-20D606AF03C6} = {CE30882C-674D-4BD4-A8B2-E8C66AF6BDE5}
		{10E1ED1F-A675-438D-97CD-7FCD1444636A} = {5B015E96-E857-4463-BB2A-20D606AF03C6}
		{F3A176F6-6860-483B-B979-A3FEA6115C8C} = {6E26F531-6F51-40AE-AB91-CF4BC6420633}
		{0BD9CBCA-3478-4166-82E8-4C33CDFCCD46} = {F3A176F6-6860-483B-B979-A3FEA6115C8C}
		{28642223-01D3-46BC-A58C-5BB868DAE44C} = {0BD9CBCA-3478-4166-82E8-4C33CDFCCD46}
		{EF8FB00A-9EB8-4C33-980D-EFEF3CE895E8} = {28642223-01D3-46BC-A58C-5BB868DAE44C}
		{11FF7988-16FB-4231-91C1-A1F0E9779FCF} = {0BD9CBCA-3478-4166-82E8-4C33CDFCCD46}
		{94E72DCA-A049-480E-9B6D-3CE4E302E848} = {11FF7988-16FB-4231-91C1-A1F0E9779FCF}
		{95DB097C-A6F8-42F6-ACF6-B6BF48DB2A1F} = {0BD9CBCA-3478-4166-82E8-4C33CDFCCD46}
		{74D8FA54-7136-4F1B-8DAD-4E5282319F1F} = {95DB097C-A6F8-42F6-ACF6-B6BF48DB2A1F}
		{59B17D88-587E-49CA-9721-CB408B3233ED} = {0BD9CBCA-3478-4166-82E8-4C33CDFCCD46}
		{552596F7-1C9B-48F2-A485-6DB149827E86} = {59B17D88-587E-49CA-9721-CB408B3233ED}
		{41CD0F77-3D69-4186-BDD8-E223202A3B2C} = {6E26F531-6F51-40AE-AB91-CF4BC6420633}
		{D100DE1D-C05A-44AA-92C5-B50C167908F9} = {41CD0F77-3D69-4186-BDD8-E223202A3B2C}
		{FBFE4396-E19B-4FFE-B528-3225749F2CA1} = {D100DE1D-C05A-44AA-92C5-B50C167908F9}
		{D61886E7-2977-4496-B36F-EBE80CE492A2} = {FBFE4396-E19B-4FFE-B528-3225749F2CA1}
		{899A5061-7100-45AB-8DE4-6FEAA9BB7485} = {D100DE1D-C05A-44AA-92C5-B50C167908F9}
		{CDF01CED-F6F0-462B-95DF-2885190B7355} = {899A5061-7100-45AB-8DE4-6FEAA9BB7485}
		{69E57FD5-037A-4106-A511-F81A65129C71} = {D100DE1D-C05A-44AA-92C5-B50C167908F9}
		{81C6255D-C18D-47E9-8B28-666B8E0D297A} = {69E57FD5-037A-4106-A511-F81A65129C71}
		{D4C32BA7-2ABA-47BD-A9DC-9E8F4E5A3164} = {D100DE1D-C05A-44AA-92C5-B50C167908F9}
		{F8B3EF06-DAB2-4021-8A8B-CFEAE4A4CA48} = {D4C32BA7-2ABA-47BD-A9DC-9E8F4E5A3164}
		{1FB56D00-95B2-44B2-B266-0A0255E0B02E} = {BEE14834-82A1-4F2B-9F64-6CA3CB3539AF}
	EndGlobalSection
	GlobalSection(ExtensibilityGlobals) = postSolution
		SolutionGuid = {60330218-8944-4893-A112-E1E525581D3F}
	EndGlobalSection
EndGlobal
